
Microsoft Visual Studio Solution File, Format Version 12.00
# Visual Studio Version 17
VisualStudioVersion = 17.13.35931.197 d17.13
MinimumVisualStudioVersion = 10.0.40219.1
Project("{8BC9CEB8-8B4A-11D0-8D11-00A0C91BC942}") = "CUMP", "CUMP\CUMP.vcxproj", "{04DAD0EF-BBF1-48CE-9227-FD87E552164C}"
EndProject
Global
	GlobalSection(SolutionConfigurationPlatforms) = preSolution
		Debug|x64 = Debug|x64
		Debug|x86 = Debug|x86
		Release|x64 = Release|x64
		Release|x86 = Release|x86
	EndGlobalSection
	GlobalSection(ProjectConfigurationPlatforms) = postSolution
		{04DAD0EF-BBF1-48CE-9227-FD87E552164C}.Debug|x64.ActiveCfg = Debug|x64
		{04DAD0EF-BBF1-48CE-9227-FD87E552164C}.Debug|x64.Build.0 = Debug|x64
		{04DAD0EF-BBF1-48CE-9227-FD87E552164C}.Debug|x86.ActiveCfg = Debug|Win32
		{04DAD0EF-BBF1-48CE-9227-FD87E552164C}.Debug|x86.Build.0 = Debug|Win32
		{04DAD0EF-BBF1-48CE-9227-FD87E552164C}.Release|x64.ActiveCfg = Release|x64
		{04DAD0EF-BBF1-48CE-9227-FD87E552164C}.Release|x64.Build.0 = Release|x64
		{04DAD0EF-BBF1-48CE-9227-FD87E552164C}.Release|x86.ActiveCfg = Release|Win32
		{04DAD0EF-BBF1-48CE-9227-FD87E552164C}.Release|x86.Build.0 = Release|Win32
	EndGlobalSection
	GlobalSection(SolutionProperties) = preSolution
		HideSolutionNode = FALSE
	EndGlobalSection
	GlobalSection(ExtensibilityGlobals) = postSolution
		SolutionGuid = {BB02455D-1483-4075-BC4C-01DAD362AF00}
	EndGlobalSection
EndGlobal
